
Microsoft Visual Studio Solution File, Format Version 12.00
# Visual Studio Version 16
VisualStudioVersion = 16.0.31702.278
MinimumVisualStudioVersion = 10.0.40219.1
Project("{9A19103F-16F7-4668-BE54-9A1E7A4F7556}") = "Course_119", "Course_119\Course_119.csproj", "{B3DD25BC-D872-4EDF-BA5F-40363CA23E31}"
EndProject
Project("{FAE04EC0-301F-11D3-BF4B-00C04F79EFBC}") = "Course_115", "Course_115\Course_115.csproj", "{4EB2F655-E3EC-42F0-A0BC-642B7FEB7976}"
EndProject
Project("{FAE04EC0-301F-11D3-BF4B-00C04F79EFBC}") = "Course_122", "Course_122\Course_122.csproj", "{CE7D06B1-8048-4D10-BDB6-51780EC69053}"
EndProject
Project("{FAE04EC0-301F-11D3-BF4B-00C04F79EFBC}") = "Course_123_Exec", "Course_123_Exec\Course_123_Exec.csproj", "{D930EF0D-6535-4719-8D20-517B3A5AEA43}"
EndProject
Global
	GlobalSection(SolutionConfigurationPlatforms) = preSolution
		Debug|Any CPU = Debug|Any CPU
		Release|Any CPU = Release|Any CPU
	EndGlobalSection
	GlobalSection(ProjectConfigurationPlatforms) = postSolution
		{B3DD25BC-D872-4EDF-BA5F-40363CA23E31}.Debug|Any CPU.ActiveCfg = Debug|Any CPU
		{B3DD25BC-D872-4EDF-BA5F-40363CA23E31}.Debug|Any CPU.Build.0 = Debug|Any CPU
		{B3DD25BC-D872-4EDF-BA5F-40363CA23E31}.Release|Any CPU.ActiveCfg = Release|Any CPU
		{B3DD25BC-D872-4EDF-BA5F-40363CA23E31}.Release|Any CPU.Build.0 = Release|Any CPU
		{4EB2F655-E3EC-42F0-A0BC-642B7FEB7976}.Debug|Any CPU.ActiveCfg = Debug|Any CPU
		{4EB2F655-E3EC-42F0-A0BC-642B7FEB7976}.Debug|Any CPU.Build.0 = Debug|Any CPU
		{4EB2F655-E3EC-42F0-A0BC-642B7FEB7976}.Release|Any CPU.ActiveCfg = Release|Any CPU
		{4EB2F655-E3EC-42F0-A0BC-642B7FEB7976}.Release|Any CPU.Build.0 = Release|Any CPU
		{CE7D06B1-8048-4D10-BDB6-51780EC69053}.Debug|Any CPU.ActiveCfg = Debug|Any CPU
		{CE7D06B1-8048-4D10-BDB6-51780EC69053}.Debug|Any CPU.Build.0 = Debug|Any CPU
		{CE7D06B1-8048-4D10-BDB6-51780EC69053}.Release|Any CPU.ActiveCfg = Release|Any CPU
		{CE7D06B1-8048-4D10-BDB6-51780EC69053}.Release|Any CPU.Build.0 = Release|Any CPU
		{D930EF0D-6535-4719-8D20-517B3A5AEA43}.Debug|Any CPU.ActiveCfg = Debug|Any CPU
		{D930EF0D-6535-4719-8D20-517B3A5AEA43}.Debug|Any CPU.Build.0 = Debug|Any CPU
		{D930EF0D-6535-4719-8D20-517B3A5AEA43}.Release|Any CPU.ActiveCfg = Release|Any CPU
		{D930EF0D-6535-4719-8D20-517B3A5AEA43}.Release|Any CPU.Build.0 = Release|Any CPU
	EndGlobalSection
	GlobalSection(SolutionProperties) = preSolution
		HideSolutionNode = FALSE
	EndGlobalSection
	GlobalSection(ExtensibilityGlobals) = postSolution
		SolutionGuid = {AB6EF8EF-DED8-43FD-8A81-4B8E77A28CC0}
	EndGlobalSection
EndGlobal
