
Microsoft Visual Studio Solution File, Format Version 12.00
# Visual Studio Version 16
VisualStudioVersion = 16.0.31702.278
MinimumVisualStudioVersion = 10.0.40219.1
Project("{9A19103F-16F7-4668-BE54-9A1E7A4F7556}") = "Course_68", "Course_68\Course_68.csproj", "{E6642B8C-131E-4606-85E5-BF9718D959D8}"
EndProject
Project("{9A19103F-16F7-4668-BE54-9A1E7A4F7556}") = "Course_69", "Course_69\Course_69.csproj", "{60E10279-272A-4FB4-9DDD-B37D9539D101}"
EndProject
Project("{9A19103F-16F7-4668-BE54-9A1E7A4F7556}") = "Course_70", "Course_70\Course_70.csproj", "{C4123B27-CE10-406B-A745-92B4A44955A6}"
EndProject
Project("{9A19103F-16F7-4668-BE54-9A1E7A4F7556}") = "Course_71_FixVect", "Course_71_FixVect\Course_71_FixVect.csproj", "{2E56184C-4029-4182-8320-C8640CCCEE7A}"
EndProject
Project("{9A19103F-16F7-4668-BE54-9A1E7A4F7556}") = "Course_72", "Course_72\Course_72.csproj", "{659E8311-B172-46D6-8BE5-1030EA63219A}"
EndProject
Project("{9A19103F-16F7-4668-BE54-9A1E7A4F7556}") = "Course_75", "Course_75\Course_75.csproj", "{AF45A169-611E-4948-A808-7AE570E7315C}"
EndProject
Project("{9A19103F-16F7-4668-BE54-9A1E7A4F7556}") = "Course_77", "Course_77\Course_77.csproj", "{A6DB0121-EA9B-47E4-BFAC-A11739701ACC}"
EndProject
Project("{9A19103F-16F7-4668-BE54-9A1E7A4F7556}") = "Course_78_FixList", "Course_78_FixList\Course_78_FixList.csproj", "{D64DD516-01F7-4877-803D-BE85B34DD2F3}"
EndProject
Project("{9A19103F-16F7-4668-BE54-9A1E7A4F7556}") = "Course_79", "Course_79\Course_79.csproj", "{175D242A-73F5-4654-A74A-F38D2AF22522}"
EndProject
Project("{9A19103F-16F7-4668-BE54-9A1E7A4F7556}") = "Course_80", "Course_80\Course_80.csproj", "{48C3A836-216B-499C-8C02-6BFF853F10C8}"
EndProject
Project("{FAE04EC0-301F-11D3-BF4B-00C04F79EFBC}") = "Course_81_FixMat", "Course_81_FixMat\Course_81_FixMat.csproj", "{492CAFCF-CA54-4288-9411-3795BE27DBDD}"
EndProject
Global
	GlobalSection(SolutionConfigurationPlatforms) = preSolution
		Debug|Any CPU = Debug|Any CPU
		Debug|x64 = Debug|x64
		Release|Any CPU = Release|Any CPU
		Release|x64 = Release|x64
	EndGlobalSection
	GlobalSection(ProjectConfigurationPlatforms) = postSolution
		{E6642B8C-131E-4606-85E5-BF9718D959D8}.Debug|Any CPU.ActiveCfg = Debug|Any CPU
		{E6642B8C-131E-4606-85E5-BF9718D959D8}.Debug|Any CPU.Build.0 = Debug|Any CPU
		{E6642B8C-131E-4606-85E5-BF9718D959D8}.Debug|x64.ActiveCfg = Debug|Any CPU
		{E6642B8C-131E-4606-85E5-BF9718D959D8}.Debug|x64.Build.0 = Debug|Any CPU
		{E6642B8C-131E-4606-85E5-BF9718D959D8}.Release|Any CPU.ActiveCfg = Release|Any CPU
		{E6642B8C-131E-4606-85E5-BF9718D959D8}.Release|Any CPU.Build.0 = Release|Any CPU
		{E6642B8C-131E-4606-85E5-BF9718D959D8}.Release|x64.ActiveCfg = Release|x64
		{E6642B8C-131E-4606-85E5-BF9718D959D8}.Release|x64.Build.0 = Release|x64
		{60E10279-272A-4FB4-9DDD-B37D9539D101}.Debug|Any CPU.ActiveCfg = Debug|Any CPU
		{60E10279-272A-4FB4-9DDD-B37D9539D101}.Debug|Any CPU.Build.0 = Debug|Any CPU
		{60E10279-272A-4FB4-9DDD-B37D9539D101}.Debug|x64.ActiveCfg = Debug|x64
		{60E10279-272A-4FB4-9DDD-B37D9539D101}.Debug|x64.Build.0 = Debug|x64
		{60E10279-272A-4FB4-9DDD-B37D9539D101}.Release|Any CPU.ActiveCfg = Release|Any CPU
		{60E10279-272A-4FB4-9DDD-B37D9539D101}.Release|Any CPU.Build.0 = Release|Any CPU
		{60E10279-272A-4FB4-9DDD-B37D9539D101}.Release|x64.ActiveCfg = Release|x64
		{60E10279-272A-4FB4-9DDD-B37D9539D101}.Release|x64.Build.0 = Release|x64
		{C4123B27-CE10-406B-A745-92B4A44955A6}.Debug|Any CPU.ActiveCfg = Debug|Any CPU
		{C4123B27-CE10-406B-A745-92B4A44955A6}.Debug|Any CPU.Build.0 = Debug|Any CPU
		{C4123B27-CE10-406B-A745-92B4A44955A6}.Debug|x64.ActiveCfg = Debug|x64
		{C4123B27-CE10-406B-A745-92B4A44955A6}.Debug|x64.Build.0 = Debug|x64
		{C4123B27-CE10-406B-A745-92B4A44955A6}.Release|Any CPU.ActiveCfg = Release|Any CPU
		{C4123B27-CE10-406B-A745-92B4A44955A6}.Release|Any CPU.Build.0 = Release|Any CPU
		{C4123B27-CE10-406B-A745-92B4A44955A6}.Release|x64.ActiveCfg = Release|x64
		{C4123B27-CE10-406B-A745-92B4A44955A6}.Release|x64.Build.0 = Release|x64
		{2E56184C-4029-4182-8320-C8640CCCEE7A}.Debug|Any CPU.ActiveCfg = Debug|Any CPU
		{2E56184C-4029-4182-8320-C8640CCCEE7A}.Debug|Any CPU.Build.0 = Debug|Any CPU
		{2E56184C-4029-4182-8320-C8640CCCEE7A}.Debug|x64.ActiveCfg = Debug|x64
		{2E56184C-4029-4182-8320-C8640CCCEE7A}.Debug|x64.Build.0 = Debug|x64
		{2E56184C-4029-4182-8320-C8640CCCEE7A}.Release|Any CPU.ActiveCfg = Release|Any CPU
		{2E56184C-4029-4182-8320-C8640CCCEE7A}.Release|Any CPU.Build.0 = Release|Any CPU
		{2E56184C-4029-4182-8320-C8640CCCEE7A}.Release|x64.ActiveCfg = Release|x64
		{2E56184C-4029-4182-8320-C8640CCCEE7A}.Release|x64.Build.0 = Release|x64
		{659E8311-B172-46D6-8BE5-1030EA63219A}.Debug|Any CPU.ActiveCfg = Debug|Any CPU
		{659E8311-B172-46D6-8BE5-1030EA63219A}.Debug|Any CPU.Build.0 = Debug|Any CPU
		{659E8311-B172-46D6-8BE5-1030EA63219A}.Debug|x64.ActiveCfg = Debug|x64
		{659E8311-B172-46D6-8BE5-1030EA63219A}.Debug|x64.Build.0 = Debug|x64
		{659E8311-B172-46D6-8BE5-1030EA63219A}.Release|Any CPU.ActiveCfg = Release|Any CPU
		{659E8311-B172-46D6-8BE5-1030EA63219A}.Release|Any CPU.Build.0 = Release|Any CPU
		{659E8311-B172-46D6-8BE5-1030EA63219A}.Release|x64.ActiveCfg = Release|x64
		{659E8311-B172-46D6-8BE5-1030EA63219A}.Release|x64.Build.0 = Release|x64
		{AF45A169-611E-4948-A808-7AE570E7315C}.Debug|Any CPU.ActiveCfg = Debug|Any CPU
		{AF45A169-611E-4948-A808-7AE570E7315C}.Debug|Any CPU.Build.0 = Debug|Any CPU
		{AF45A169-611E-4948-A808-7AE570E7315C}.Debug|x64.ActiveCfg = Debug|x64
		{AF45A169-611E-4948-A808-7AE570E7315C}.Debug|x64.Build.0 = Debug|x64
		{AF45A169-611E-4948-A808-7AE570E7315C}.Release|Any CPU.ActiveCfg = Release|Any CPU
		{AF45A169-611E-4948-A808-7AE570E7315C}.Release|Any CPU.Build.0 = Release|Any CPU
		{AF45A169-611E-4948-A808-7AE570E7315C}.Release|x64.ActiveCfg = Release|x64
		{AF45A169-611E-4948-A808-7AE570E7315C}.Release|x64.Build.0 = Release|x64
		{A6DB0121-EA9B-47E4-BFAC-A11739701ACC}.Debug|Any CPU.ActiveCfg = Debug|Any CPU
		{A6DB0121-EA9B-47E4-BFAC-A11739701ACC}.Debug|Any CPU.Build.0 = Debug|Any CPU
		{A6DB0121-EA9B-47E4-BFAC-A11739701ACC}.Debug|x64.ActiveCfg = Debug|x64
		{A6DB0121-EA9B-47E4-BFAC-A11739701ACC}.Debug|x64.Build.0 = Debug|x64
		{A6DB0121-EA9B-47E4-BFAC-A11739701ACC}.Release|Any CPU.ActiveCfg = Release|Any CPU
		{A6DB0121-EA9B-47E4-BFAC-A11739701ACC}.Release|Any CPU.Build.0 = Release|Any CPU
		{A6DB0121-EA9B-47E4-BFAC-A11739701ACC}.Release|x64.ActiveCfg = Release|x64
		{A6DB0121-EA9B-47E4-BFAC-A11739701ACC}.Release|x64.Build.0 = Release|x64
		{D64DD516-01F7-4877-803D-BE85B34DD2F3}.Debug|Any CPU.ActiveCfg = Debug|Any CPU
		{D64DD516-01F7-4877-803D-BE85B34DD2F3}.Debug|Any CPU.Build.0 = Debug|Any CPU
		{D64DD516-01F7-4877-803D-BE85B34DD2F3}.Debug|x64.ActiveCfg = Debug|x64
		{D64DD516-01F7-4877-803D-BE85B34DD2F3}.Debug|x64.Build.0 = Debug|x64
		{D64DD516-01F7-4877-803D-BE85B34DD2F3}.Release|Any CPU.ActiveCfg = Release|Any CPU
		{D64DD516-01F7-4877-803D-BE85B34DD2F3}.Release|Any CPU.Build.0 = Release|Any CPU
		{D64DD516-01F7-4877-803D-BE85B34DD2F3}.Release|x64.ActiveCfg = Release|x64
		{D64DD516-01F7-4877-803D-BE85B34DD2F3}.Release|x64.Build.0 = Release|x64
		{175D242A-73F5-4654-A74A-F38D2AF22522}.Debug|Any CPU.ActiveCfg = Debug|x64
		{175D242A-73F5-4654-A74A-F38D2AF22522}.Debug|Any CPU.Build.0 = Debug|x64
		{175D242A-73F5-4654-A74A-F38D2AF22522}.Debug|x64.ActiveCfg = Debug|x64
		{175D242A-73F5-4654-A74A-F38D2AF22522}.Debug|x64.Build.0 = Debug|x64
		{175D242A-73F5-4654-A74A-F38D2AF22522}.Release|Any CPU.ActiveCfg = Release|Any CPU
		{175D242A-73F5-4654-A74A-F38D2AF22522}.Release|Any CPU.Build.0 = Release|Any CPU
		{175D242A-73F5-4654-A74A-F38D2AF22522}.Release|x64.ActiveCfg = Release|x64
		{175D242A-73F5-4654-A74A-F38D2AF22522}.Release|x64.Build.0 = Release|x64
		{48C3A836-216B-499C-8C02-6BFF853F10C8}.Debug|Any CPU.ActiveCfg = Debug|Any CPU
		{48C3A836-216B-499C-8C02-6BFF853F10C8}.Debug|Any CPU.Build.0 = Debug|Any CPU
		{48C3A836-216B-499C-8C02-6BFF853F10C8}.Debug|x64.ActiveCfg = Debug|x64
		{48C3A836-216B-499C-8C02-6BFF853F10C8}.Debug|x64.Build.0 = Debug|x64
		{48C3A836-216B-499C-8C02-6BFF853F10C8}.Release|Any CPU.ActiveCfg = Release|Any CPU
		{48C3A836-216B-499C-8C02-6BFF853F10C8}.Release|Any CPU.Build.0 = Release|Any CPU
		{48C3A836-216B-499C-8C02-6BFF853F10C8}.Release|x64.ActiveCfg = Release|x64
		{48C3A836-216B-499C-8C02-6BFF853F10C8}.Release|x64.Build.0 = Release|x64
		{492CAFCF-CA54-4288-9411-3795BE27DBDD}.Debug|Any CPU.ActiveCfg = Debug|Any CPU
		{492CAFCF-CA54-4288-9411-3795BE27DBDD}.Debug|Any CPU.Build.0 = Debug|Any CPU
		{492CAFCF-CA54-4288-9411-3795BE27DBDD}.Debug|x64.ActiveCfg = Debug|Any CPU
		{492CAFCF-CA54-4288-9411-3795BE27DBDD}.Debug|x64.Build.0 = Debug|Any CPU
		{492CAFCF-CA54-4288-9411-3795BE27DBDD}.Release|Any CPU.ActiveCfg = Release|Any CPU
		{492CAFCF-CA54-4288-9411-3795BE27DBDD}.Release|Any CPU.Build.0 = Release|Any CPU
		{492CAFCF-CA54-4288-9411-3795BE27DBDD}.Release|x64.ActiveCfg = Release|Any CPU
		{492CAFCF-CA54-4288-9411-3795BE27DBDD}.Release|x64.Build.0 = Release|Any CPU
	EndGlobalSection
	GlobalSection(SolutionProperties) = preSolution
		HideSolutionNode = FALSE
	EndGlobalSection
	GlobalSection(ExtensibilityGlobals) = postSolution
		SolutionGuid = {838D9DDF-D8FD-4EA4-9EE5-46CDC1270B75}
	EndGlobalSection
EndGlobal
