
Microsoft Visual Studio Solution File, Format Version 12.00
# Visual Studio Version 16
VisualStudioVersion = 16.0.31424.327
MinimumVisualStudioVersion = 10.0.40219.1
Project("{FAE04EC0-301F-11D3-BF4B-00C04F79EFBC}") = "EX3 Estrutura While", "EX3 Estrutura While\EX3 Estrutura While.csproj", "{77CDBE13-A010-4ABD-B05C-16C21A2672BF}"
EndProject
Global
	GlobalSection(SolutionConfigurationPlatforms) = preSolution
		Debug|Any CPU = Debug|Any CPU
		Release|Any CPU = Release|Any CPU
	EndGlobalSection
	GlobalSection(ProjectConfigurationPlatforms) = postSolution
		{77CDBE13-A010-4ABD-B05C-16C21A2672BF}.Debug|Any CPU.ActiveCfg = Debug|Any CPU
		{77CDBE13-A010-4ABD-B05C-16C21A2672BF}.Debug|Any CPU.Build.0 = Debug|Any CPU
		{77CDBE13-A010-4ABD-B05C-16C21A2672BF}.Release|Any CPU.ActiveCfg = Release|Any CPU
		{77CDBE13-A010-4ABD-B05C-16C21A2672BF}.Release|Any CPU.Build.0 = Release|Any CPU
	EndGlobalSection
	GlobalSection(SolutionProperties) = preSolution
		HideSolutionNode = FALSE
	EndGlobalSection
	GlobalSection(ExtensibilityGlobals) = postSolution
		SolutionGuid = {F3108890-A4F3-44E1-9D36-10CF0623F59B}
	EndGlobalSection
EndGlobal
