
Microsoft Visual Studio Solution File, Format Version 12.00
# Visual Studio Version 16
VisualStudioVersion = 16.0.31424.327
MinimumVisualStudioVersion = 10.0.40219.1
Project("{FAE04EC0-301F-11D3-BF4B-00C04F79EFBC}") = "Course_48", "Course_48\Course_48.csproj", "{897D56C8-A1A5-4E38-8EDF-78E40CA0F0DF}"
EndProject
Global
	GlobalSection(SolutionConfigurationPlatforms) = preSolution
		Debug|Any CPU = Debug|Any CPU
		Release|Any CPU = Release|Any CPU
	EndGlobalSection
	GlobalSection(ProjectConfigurationPlatforms) = postSolution
		{897D56C8-A1A5-4E38-8EDF-78E40CA0F0DF}.Debug|Any CPU.ActiveCfg = Debug|Any CPU
		{897D56C8-A1A5-4E38-8EDF-78E40CA0F0DF}.Debug|Any CPU.Build.0 = Debug|Any CPU
		{897D56C8-A1A5-4E38-8EDF-78E40CA0F0DF}.Release|Any CPU.ActiveCfg = Release|Any CPU
		{897D56C8-A1A5-4E38-8EDF-78E40CA0F0DF}.Release|Any CPU.Build.0 = Release|Any CPU
	EndGlobalSection
	GlobalSection(SolutionProperties) = preSolution
		HideSolutionNode = FALSE
	EndGlobalSection
	GlobalSection(ExtensibilityGlobals) = postSolution
		SolutionGuid = {1E53F7BB-E64A-4509-8B77-88382B401ECC}
	EndGlobalSection
EndGlobal
