
Microsoft Visual Studio Solution File, Format Version 12.00
# Visual Studio Version 16
VisualStudioVersion = 16.0.31702.278
MinimumVisualStudioVersion = 10.0.40219.1
Project("{FAE04EC0-301F-11D3-BF4B-00C04F79EFBC}") = "atos", "atos\atos.csproj", "{A6F2DFCE-48C1-461E-8CB2-8410ACEA621B}"
EndProject
Global
	GlobalSection(SolutionConfigurationPlatforms) = preSolution
		Debug|Any CPU = Debug|Any CPU
		Release|Any CPU = Release|Any CPU
	EndGlobalSection
	GlobalSection(ProjectConfigurationPlatforms) = postSolution
		{A6F2DFCE-48C1-461E-8CB2-8410ACEA621B}.Debug|Any CPU.ActiveCfg = Debug|Any CPU
		{A6F2DFCE-48C1-461E-8CB2-8410ACEA621B}.Debug|Any CPU.Build.0 = Debug|Any CPU
		{A6F2DFCE-48C1-461E-8CB2-8410ACEA621B}.Release|Any CPU.ActiveCfg = Release|Any CPU
		{A6F2DFCE-48C1-461E-8CB2-8410ACEA621B}.Release|Any CPU.Build.0 = Release|Any CPU
	EndGlobalSection
	GlobalSection(SolutionProperties) = preSolution
		HideSolutionNode = FALSE
	EndGlobalSection
	GlobalSection(ExtensibilityGlobals) = postSolution
		SolutionGuid = {3C2AD46E-78D5-4003-B0F6-7698F7D99541}
	EndGlobalSection
EndGlobal
